// !$*UTF8*$!
{
	archiveVersion = 1;
	classes = {
	};
	objectVersion = 46;
	objects = {

/* Begin PBXBuildFile section */
		6A35601E1D6EE03C002BCB61 /* main.m in Sources */ = {isa = PBXBuildFile; fileRef = 6A35601D1D6EE03C002BCB61 /* main.m */; };
		6A3560211D6EE03C002BCB61 /* AppDelegate.m in Sources */ = {isa = PBXBuildFile; fileRef = 6A3560201D6EE03C002BCB61 /* AppDelegate.m */; };
		6A3560241D6EE03C002BCB61 /* ViewController.m in Sources */ = {isa = PBXBuildFile; fileRef = 6A3560231D6EE03C002BCB61 /* ViewController.m */; };
		6A3560271D6EE03C002BCB61 /* Main.storyboard in Resources */ = {isa = PBXBuildFile; fileRef = 6A3560251D6EE03C002BCB61 /* Main.storyboard */; };
		6A3560291D6EE03C002BCB61 /* Assets.xcassets in Resources */ = {isa = PBXBuildFile; fileRef = 6A3560281D6EE03C002BCB61 /* Assets.xcassets */; };
		6A35602C1D6EE03C002BCB61 /* LaunchScreen.storyboard in Resources */ = {isa = PBXBuildFile; fileRef = 6A35602A1D6EE03C002BCB61 /* LaunchScreen.storyboard */; };
		6A3560381D6EE6DC002BCB61 /* JCLabel.m in Sources */ = {isa = PBXBuildFile; fileRef = 6A3560371D6EE6DC002BCB61 /* JCLabel.m */; };
		6A35603E1D6EE90E002BCB61 /* ContentTableViewController.m in Sources */ = {isa = PBXBuildFile; fileRef = 6A35603D1D6EE90E002BCB61 /* ContentTableViewController.m */; };
		6A3560411D72E584002BCB61 /* HHHViewController.m in Sources */ = {isa = PBXBuildFile; fileRef = 6A3560401D72E584002BCB61 /* HHHViewController.m */; };
/* End PBXBuildFile section */

/* Begin PBXFileReference section */
		6A3560191D6EE03C002BCB61 /* 网易新闻首页联动demo.app */ = {isa = PBXFileReference; explicitFileType = wrapper.application; includeInIndex = 0; path = "网易新闻首页联动demo.app"; sourceTree = BUILT_PRODUCTS_DIR; };
		6A35601D1D6EE03C002BCB61 /* main.m */ = {isa = PBXFileReference; lastKnownFileType = sourcecode.c.objc; path = main.m; sourceTree = "<group>"; };
		6A35601F1D6EE03C002BCB61 /* AppDelegate.h */ = {isa = PBXFileReference; lastKnownFileType = sourcecode.c.h; path = AppDelegate.h; sourceTree = "<group>"; };
		6A3560201D6EE03C002BCB61 /* AppDelegate.m */ = {isa = PBXFileReference; lastKnownFileType = sourcecode.c.objc; path = AppDelegate.m; sourceTree = "<group>"; };
		6A3560221D6EE03C002BCB61 /* ViewController.h */ = {isa = PBXFileReference; lastKnownFileType = sourcecode.c.h; path = ViewController.h; sourceTree = "<group>"; };
		6A3560231D6EE03C002BCB61 /* ViewController.m */ = {isa = PBXFileReference; lastKnownFileType = sourcecode.c.objc; path = ViewController.m; sourceTree = "<group>"; };
		6A3560261D6EE03C002BCB61 /* Base */ = {isa = PBXFileReference; lastKnownFileType = file.storyboard; name = Base; path = Base.lproj/Main.storyboard; sourceTree = "<group>"; };
		6A3560281D6EE03C002BCB61 /* Assets.xcassets */ = {isa = PBXFileReference; lastKnownFileType = folder.assetcatalog; path = Assets.xcassets; sourceTree = "<group>"; };
		6A35602B1D6EE03C002BCB61 /* Base */ = {isa = PBXFileReference; lastKnownFileType = file.storyboard; name = Base; path = Base.lproj/LaunchScreen.storyboard; sourceTree = "<group>"; };
		6A35602D1D6EE03C002BCB61 /* Info.plist */ = {isa = PBXFileReference; lastKnownFileType = text.plist.xml; path = Info.plist; sourceTree = "<group>"; };
		6A3560361D6EE6DC002BCB61 /* JCLabel.h */ = {isa = PBXFileReference; fileEncoding = 4; lastKnownFileType = sourcecode.c.h; path = JCLabel.h; sourceTree = "<group>"; };
		6A3560371D6EE6DC002BCB61 /* JCLabel.m */ = {isa = PBXFileReference; fileEncoding = 4; lastKnownFileType = sourcecode.c.objc; path = JCLabel.m; sourceTree = "<group>"; };
		6A35603C1D6EE90E002BCB61 /* ContentTableViewController.h */ = {isa = PBXFileReference; fileEncoding = 4; lastKnownFileType = sourcecode.c.h; path = ContentTableViewController.h; sourceTree = "<group>"; };
		6A35603D1D6EE90E002BCB61 /* ContentTableViewController.m */ = {isa = PBXFileReference; fileEncoding = 4; lastKnownFileType = sourcecode.c.objc; path = ContentTableViewController.m; sourceTree = "<group>"; };
		6A35603F1D72E584002BCB61 /* HHHViewController.h */ = {isa = PBXFileReference; fileEncoding = 4; lastKnownFileType = sourcecode.c.h; path = HHHViewController.h; sourceTree = "<group>"; };
		6A3560401D72E584002BCB61 /* HHHViewController.m */ = {isa = PBXFileReference; fileEncoding = 4; lastKnownFileType = sourcecode.c.objc; path = HHHViewController.m; sourceTree = "<group>"; };
/* End PBXFileReference section */

/* Begin PBXFrameworksBuildPhase section */
		6A3560161D6EE03C002BCB61 /* Frameworks */ = {
			isa = PBXFrameworksBuildPhase;
			buildActionMask = 2147483647;
			files = (
			);
			runOnlyForDeploymentPostprocessing = 0;
		};
/* End PBXFrameworksBuildPhase section */

/* Begin PBXGroup section */
		6A3560101D6EE03C002BCB61 = {
			isa = PBXGroup;
			children = (
				6A35601B1D6EE03C002BCB61 /* 网易新闻首页联动demo */,
				6A35601A1D6EE03C002BCB61 /* Products */,
			);
			sourceTree = "<group>";
		};
		6A35601A1D6EE03C002BCB61 /* Products */ = {
			isa = PBXGroup;
			children = (
				6A3560191D6EE03C002BCB61 /* 网易新闻首页联动demo.app */,
			);
			name = Products;
			sourceTree = "<group>";
		};
		6A35601B1D6EE03C002BCB61 /* 网易新闻首页联动demo */ = {
			isa = PBXGroup;
			children = (
				6A35601F1D6EE03C002BCB61 /* AppDelegate.h */,
				6A3560201D6EE03C002BCB61 /* AppDelegate.m */,
				6A3560221D6EE03C002BCB61 /* ViewController.h */,
				6A3560231D6EE03C002BCB61 /* ViewController.m */,
				6A3560361D6EE6DC002BCB61 /* JCLabel.h */,
				6A3560371D6EE6DC002BCB61 /* JCLabel.m */,
				6A35603C1D6EE90E002BCB61 /* ContentTableViewController.h */,
				6A35603D1D6EE90E002BCB61 /* ContentTableViewController.m */,
				6A35603F1D72E584002BCB61 /* HHHViewController.h */,
				6A3560401D72E584002BCB61 /* HHHViewController.m */,
				6A3560251D6EE03C002BCB61 /* Main.storyboard */,
				6A3560281D6EE03C002BCB61 /* Assets.xcassets */,
				6A35602A1D6EE03C002BCB61 /* LaunchScreen.storyboard */,
				6A35602D1D6EE03C002BCB61 /* Info.plist */,
				6A35601C1D6EE03C002BCB61 /* Supporting Files */,
			);
			path = "网易新闻首页联动demo";
			sourceTree = "<group>";
		};
		6A35601C1D6EE03C002BCB61 /* Supporting Files */ = {
			isa = PBXGroup;
			children = (
				6A35601D1D6EE03C002BCB61 /* main.m */,
			);
			name = "Supporting Files";
			sourceTree = "<group>";
		};
/* End PBXGroup section */

/* Begin PBXNativeTarget section */
		6A3560181D6EE03C002BCB61 /* 网易新闻首页联动demo */ = {
			isa = PBXNativeTarget;
			buildConfigurationList = 6A3560301D6EE03C002BCB61 /* Build configuration list for PBXNativeTarget "网易新闻首页联动demo" */;
			buildPhases = (
				6A3560151D6EE03C002BCB61 /* Sources */,
				6A3560161D6EE03C002BCB61 /* Frameworks */,
				6A3560171D6EE03C002BCB61 /* Resources */,
			);
			buildRules = (
			);
			dependencies = (
			);
			name = "网易新闻首页联动demo";
			productName = "网易新闻首页联动demo";
			productReference = 6A3560191D6EE03C002BCB61 /* 网易新闻首页联动demo.app */;
			productType = "com.apple.product-type.application";
		};
/* End PBXNativeTarget section */

/* Begin PBXProject section */
		6A3560111D6EE03C002BCB61 /* Project object */ = {
			isa = PBXProject;
			attributes = {
				LastUpgradeCheck = 0730;
				ORGANIZATIONNAME = liang;
				TargetAttributes = {
					6A3560181D6EE03C002BCB61 = {
						CreatedOnToolsVersion = 7.3.1;
					};
				};
			};
			buildConfigurationList = 6A3560141D6EE03C002BCB61 /* Build configuration list for PBXProject "网易新闻首页联动demo" */;
			compatibilityVersion = "Xcode 3.2";
			developmentRegion = English;
			hasScannedForEncodings = 0;
			knownRegions = (
				en,
				Base,
			);
			mainGroup = 6A3560101D6EE03C002BCB61;
			productRefGroup = 6A35601A1D6EE03C002BCB61 /* Products */;
			projectDirPath = "";
			projectRoot = "";
			targets = (
				6A3560181D6EE03C002BCB61 /* 网易新闻首页联动demo */,
			);
		};
/* End PBXProject section */

/* Begin PBXResourcesBuildPhase section */
		6A3560171D6EE03C002BCB61 /* Resources */ = {
			isa = PBXResourcesBuildPhase;
			buildActionMask = 2147483647;
			files = (
				6A35602C1D6EE03C002BCB61 /* LaunchScreen.storyboard in Resources */,
				6A3560291D6EE03C002BCB61 /* Assets.xcassets in Resources */,
				6A3560271D6EE03C002BCB61 /* Main.storyboard in Resources */,
			);
			runOnlyForDeploymentPostprocessing = 0;
		};
/* End PBXResourcesBuildPhase section */

/* Begin PBXSourcesBuildPhase section */
		6A3560151D6EE03C002BCB61 /* Sources */ = {
			isa = PBXSourcesBuildPhase;
			buildActionMask = 2147483647;
			files = (
				6A35603E1D6EE90E002BCB61 /* ContentTableViewController.m in Sources */,
				6A3560381D6EE6DC002BCB61 /* JCLabel.m in Sources */,
				6A3560241D6EE03C002BCB61 /* ViewController.m in Sources */,
				6A3560411D72E584002BCB61 /* HHHViewController.m in Sources */,
				6A3560211D6EE03C002BCB61 /* AppDelegate.m in Sources */,
				6A35601E1D6EE03C002BCB61 /* main.m in Sources */,
			);
			runOnlyForDeploymentPostprocessing = 0;
		};
/* End PBXSourcesBuildPhase section */

/* Begin PBXVariantGroup section */
		6A3560251D6EE03C002BCB61 /* Main.storyboard */ = {
			isa = PBXVariantGroup;
			children = (
				6A3560261D6EE03C002BCB61 /* Base */,
			);
			name = Main.storyboard;
			sourceTree = "<group>";
		};
		6A35602A1D6EE03C002BCB61 /* LaunchScreen.storyboard */ = {
			isa = PBXVariantGroup;
			children = (
				6A35602B1D6EE03C002BCB61 /* Base */,
			);
			name = LaunchScreen.storyboard;
			sourceTree = "<group>";
		};
/* End PBXVariantGroup section */

/* Begin XCBuildConfiguration section */
		6A35602E1D6EE03C002BCB61 /* Debug */ = {
			isa = XCBuildConfiguration;
			buildSettings = {
				ALWAYS_SEARCH_USER_PATHS = NO;
				CLANG_ANALYZER_NONNULL = YES;
				CLANG_CXX_LANGUAGE_STANDARD = "gnu++0x";
				CLANG_CXX_LIBRARY = "libc++";
				CLANG_ENABLE_MODULES = YES;
				CLANG_ENABLE_OBJC_ARC = YES;
				CLANG_WARN_BOOL_CONVERSION = YES;
				CLANG_WARN_CONSTANT_CONVERSION = YES;
				CLANG_WARN_DIRECT_OBJC_ISA_USAGE = YES_ERROR;
				CLANG_WARN_EMPTY_BODY = YES;
				CLANG_WARN_ENUM_CONVERSION = YES;
				CLANG_WARN_INT_CONVERSION = YES;
				CLANG_WARN_OBJC_ROOT_CLASS = YES_ERROR;
				CLANG_WARN_UNREACHABLE_CODE = YES;
				CLANG_WARN__DUPLICATE_METHOD_MATCH = YES;
				"CODE_SIGN_IDENTITY[sdk=iphoneos*]" = "iPhone Developer";
				COPY_PHASE_STRIP = NO;
				DEBUG_INFORMATION_FORMAT = dwarf;
				ENABLE_STRICT_OBJC_MSGSEND = YES;
				ENABLE_TESTABILITY = YES;
				GCC_C_LANGUAGE_STANDARD = gnu99;
				GCC_DYNAMIC_NO_PIC = NO;
				GCC_NO_COMMON_BLOCKS = YES;
				GCC_OPTIMIZATION_LEVEL = 0;
				GCC_PREPROCESSOR_DEFINITIONS = (
					"DEBUG=1",
					"$(inherited)",
				);
				GCC_WARN_64_TO_32_BIT_CONVERSION = YES;
				GCC_WARN_ABOUT_RETURN_TYPE = YES_ERROR;
				GCC_WARN_UNDECLARED_SELECTOR = YES;
				GCC_WARN_UNINITIALIZED_AUTOS = YES_AGGRESSIVE;
				GCC_WARN_UNUSED_FUNCTION = YES;
				GCC_WARN_UNUSED_VARIABLE = YES;
				IPHONEOS_DEPLOYMENT_TARGET = 9.3;
				MTL_ENABLE_DEBUG_INFO = YES;
				ONLY_ACTIVE_ARCH = YES;
				SDKROOT = iphoneos;
				TARGETED_DEVICE_FAMILY = "1,2";
			};
			name = Debug;
		};
		6A35602F1D6EE03C002BCB61 /* Release */ = {
			isa = XCBuildConfiguration;
			buildSettings = {
				ALWAYS_SEARCH_USER_PATHS = NO;
				CLANG_ANALYZER_NONNULL = YES;
				CLANG_CXX_LANGUAGE_STANDARD = "gnu++0x";
				CLANG_CXX_LIBRARY = "libc++";
				CLANG_ENABLE_MODULES = YES;
				CLANG_ENABLE_OBJC_ARC = YES;
				CLANG_WARN_BOOL_CONVERSION = YES;
				CLANG_WARN_CONSTANT_CONVERSION = YES;
				CLANG_WARN_DIRECT_OBJC_ISA_USAGE = YES_ERROR;
				CLANG_WARN_EMPTY_BODY = YES;
				CLANG_WARN_ENUM_CONVERSION = YES;
				CLANG_WARN_INT_CONVERSION = YES;
				CLANG_WARN_OBJC_ROOT_CLASS = YES_ERROR;
				CLANG_WARN_UNREACHABLE_CODE = YES;
				CLANG_WARN__DUPLICATE_METHOD_MATCH = YES;
				"CODE_SIGN_IDENTITY[sdk=iphoneos*]" = "iPhone Developer";
				COPY_PHASE_STRIP = NO;
				DEBUG_INFORMATION_FORMAT = "dwarf-with-dsym";
				ENABLE_NS_ASSERTIONS = NO;
				ENABLE_STRICT_OBJC_MSGSEND = YES;
				GCC_C_LANGUAGE_STANDARD = gnu99;
				GCC_NO_COMMON_BLOCKS = YES;
				GCC_WARN_64_TO_32_BIT_CONVERSION = YES;
				GCC_WARN_ABOUT_RETURN_TYPE = YES_ERROR;
				GCC_WARN_UNDECLARED_SELECTOR = YES;
				GCC_WARN_UNINITIALIZED_AUTOS = YES_AGGRESSIVE;
				GCC_WARN_UNUSED_FUNCTION = YES;
				GCC_WARN_UNUSED_VARIABLE = YES;
				IPHONEOS_DEPLOYMENT_TARGET = 9.3;
				MTL_ENABLE_DEBUG_INFO = NO;
				SDKROOT = iphoneos;
				TARGETED_DEVICE_FAMILY = "1,2";
				VALIDATE_PRODUCT = YES;
			};
			name = Release;
		};
		6A3560311D6EE03C002BCB61 /* Debug */ = {
			isa = XCBuildConfiguration;
			buildSettings = {
				ASSETCATALOG_COMPILER_APPICON_NAME = AppIcon;
				INFOPLIST_FILE = "网易新闻首页联动demo/Info.plist";
				LD_RUNPATH_SEARCH_PATHS = "$(inherited) @executable_path/Frameworks";
				PRODUCT_BUNDLE_IDENTIFIER = "xiaoxiao.com.--------demo";
				PRODUCT_NAME = "$(TARGET_NAME)";
			};
			name = Debug;
		};
		6A3560321D6EE03C002BCB61 /* Release */ = {
			isa = XCBuildConfiguration;
			buildSettings = {
				ASSETCATALOG_COMPILER_APPICON_NAME = AppIcon;
				INFOPLIST_FILE = "网易新闻首页联动demo/Info.plist";
				LD_RUNPATH_SEARCH_PATHS = "$(inherited) @executable_path/Frameworks";
				PRODUCT_BUNDLE_IDENTIFIER = "xiaoxiao.com.--------demo";
				PRODUCT_NAME = "$(TARGET_NAME)";
			};
			name = Release;
		};
/* End XCBuildConfiguration section */

/* Begin XCConfigurationList section */
		6A3560141D6EE03C002BCB61 /* Build configuration list for PBXProject "网易新闻首页联动demo" */ = {
			isa = XCConfigurationList;
			buildConfigurations = (
				6A35602E1D6EE03C002BCB61 /* Debug */,
				6A35602F1D6EE03C002BCB61 /* Release */,
			);
			defaultConfigurationIsVisible = 0;
			defaultConfigurationName = Release;
		};
		6A3560301D6EE03C002BCB61 /* Build configuration list for PBXNativeTarget "网易新闻首页联动demo" */ = {
			isa = XCConfigurationList;
			buildConfigurations = (
				6A3560311D6EE03C002BCB61 /* Debug */,
				6A3560321D6EE03C002BCB61 /* Release */,
			);
			defaultConfigurationIsVisible = 0;
			defaultConfigurationName = Release;
		};
/* End XCConfigurationList section */
	};
	rootObject = 6A3560111D6EE03C002BCB61 /* Project object */;
}
